
Microsoft Visual Studio Solution File, Format Version 12.00
# Visual Studio Version 17
VisualStudioVersion = 17.6.33717.318
MinimumVisualStudioVersion = 10.0.40219.1
Project("{FAE04EC0-301F-11D3-BF4B-00C04F79EFBC}") = "Demo01B", "Demo01B\Demo01B.csproj", "{6AB8C30B-4A76-441B-A011-D3A585FC2DA0}"
EndProject
Global
	GlobalSection(SolutionConfigurationPlatforms) = preSolution
		Debug|Any CPU = Debug|Any CPU
		Release|Any CPU = Release|Any CPU
	EndGlobalSection
	GlobalSection(ProjectConfigurationPlatforms) = postSolution
		{6AB8C30B-4A76-441B-A011-D3A585FC2DA0}.Debug|Any CPU.ActiveCfg = Debug|Any CPU
		{6AB8C30B-4A76-441B-A011-D3A585FC2DA0}.Debug|Any CPU.Build.0 = Debug|Any CPU
		{6AB8C30B-4A76-441B-A011-D3A585FC2DA0}.Release|Any CPU.ActiveCfg = Release|Any CPU
		{6AB8C30B-4A76-441B-A011-D3A585FC2DA0}.Release|Any CPU.Build.0 = Release|Any CPU
	EndGlobalSection
	GlobalSection(SolutionProperties) = preSolution
		HideSolutionNode = FALSE
	EndGlobalSection
	GlobalSection(ExtensibilityGlobals) = postSolution
		SolutionGuid = {EC31CD55-3C89-43B8-A8EA-AF81C533CA61}
	EndGlobalSection
EndGlobal
